# Generated by buf. DO NOT EDIT.
version: v1beta1
deps:
  - remote: buf.build
    owner: cynx
    repository: cynx-core
    commit: 4d6134c543d8457c8de3b98c46a95f87
    digest: shake256:0dd6318d0dddca8773ac53bf94bc9248b3e9ceac50a105e7f06e4bd59e47f7ca02cc09921a685fa177c7d33bae4cf9847a1b9ba7193242d042c592bf1ca55584
  - remote: buf.build
    owner: googleapis
    repository: googleapis
    commit: 61b203b9a9164be9a834f58c37be6f62
    digest: shake256:e619113001d6e284ee8a92b1561e5d4ea89a47b28bf0410815cb2fa23914df8be9f1a6a98dcf069f5bc2d829a2cfb1ac614863be45cd4f8a5ad8606c5f200224
